
Microsoft Visual Studio Solution File, Format Version 12.00
# Visual Studio Version 16
VisualStudioVersion = 16.0.30225.117
MinimumVisualStudioVersion = 10.0.40219.1
Project("{FAE04EC0-301F-11D3-BF4B-00C04F79EFBC}") = "ModelEF", "ModelEF\ModelEF.csproj", "{D4E41D5F-3F19-4A80-8889-7D563C8DC3A9}"
EndProject
Project("{FAE04EC0-301F-11D3-BF4B-00C04F79EFBC}") = "WebApp", "WebApp\WebApp.csproj", "{CC85DF4B-752A-4FD0-974E-0EB8D803A970}"
EndProject
Global
	GlobalSection(SolutionConfigurationPlatforms) = preSolution
		Debug|Any CPU = Debug|Any CPU
		Release|Any CPU = Release|Any CPU
	EndGlobalSection
	GlobalSection(ProjectConfigurationPlatforms) = postSolution
		{D4E41D5F-3F19-4A80-8889-7D563C8DC3A9}.Debug|Any CPU.ActiveCfg = Debug|Any CPU
		{D4E41D5F-3F19-4A80-8889-7D563C8DC3A9}.Debug|Any CPU.Build.0 = Debug|Any CPU
		{D4E41D5F-3F19-4A80-8889-7D563C8DC3A9}.Release|Any CPU.ActiveCfg = Release|Any CPU
		{D4E41D5F-3F19-4A80-8889-7D563C8DC3A9}.Release|Any CPU.Build.0 = Release|Any CPU
		{CC85DF4B-752A-4FD0-974E-0EB8D803A970}.Debug|Any CPU.ActiveCfg = Debug|Any CPU
		{CC85DF4B-752A-4FD0-974E-0EB8D803A970}.Debug|Any CPU.Build.0 = Debug|Any CPU
		{CC85DF4B-752A-4FD0-974E-0EB8D803A970}.Release|Any CPU.ActiveCfg = Release|Any CPU
		{CC85DF4B-752A-4FD0-974E-0EB8D803A970}.Release|Any CPU.Build.0 = Release|Any CPU
	EndGlobalSection
	GlobalSection(SolutionProperties) = preSolution
		HideSolutionNode = FALSE
	EndGlobalSection
	GlobalSection(ExtensibilityGlobals) = postSolution
		SolutionGuid = {4B008846-14F1-4CA0-8943-2D271B8975F6}
	EndGlobalSection
EndGlobal
